
Microsoft Visual Studio Solution File, Format Version 12.00
# Visual Studio Version 17
VisualStudioVersion = 17.0.31903.59
MinimumVisualStudioVersion = 10.0.40219.1
Project("{FAE04EC0-301F-11D3-BF4B-00C04F79EFBC}") = "DogeDebugger", "DogeDebugger\DogeDebugger.csproj", "{1EBE7CFB-E8DA-4979-B839-0F3A2EE741C2}"
EndProject
Project("{FAE04EC0-301F-11D3-BF4B-00C04F79EFBC}") = "DogeDebugger.PluginSdk", "DogeDebugger.PluginSdk\DogeDebugger.PluginSdk.csproj", "{24867ED0-217A-409E-B17D-DF034F05948E}"
EndProject
Global
	GlobalSection(SolutionConfigurationPlatforms) = preSolution
		Debug|Any CPU = Debug|Any CPU
		Debug|x64 = Debug|x64
		Debug|x86 = Debug|x86
		Release|Any CPU = Release|Any CPU
		Release|x64 = Release|x64
		Release|x86 = Release|x86
	EndGlobalSection
	GlobalSection(ProjectConfigurationPlatforms) = postSolution
		{1EBE7CFB-E8DA-4979-B839-0F3A2EE741C2}.Debug|Any CPU.ActiveCfg = Debug|Any CPU
		{1EBE7CFB-E8DA-4979-B839-0F3A2EE741C2}.Debug|Any CPU.Build.0 = Debug|Any CPU
		{1EBE7CFB-E8DA-4979-B839-0F3A2EE741C2}.Debug|x64.ActiveCfg = Debug|Any CPU
		{1EBE7CFB-E8DA-4979-B839-0F3A2EE741C2}.Debug|x64.Build.0 = Debug|Any CPU
		{1EBE7CFB-E8DA-4979-B839-0F3A2EE741C2}.Debug|x86.ActiveCfg = Debug|Any CPU
		{1EBE7CFB-E8DA-4979-B839-0F3A2EE741C2}.Debug|x86.Build.0 = Debug|Any CPU
		{1EBE7CFB-E8DA-4979-B839-0F3A2EE741C2}.Release|Any CPU.ActiveCfg = Release|Any CPU
		{1EBE7CFB-E8DA-4979-B839-0F3A2EE741C2}.Release|Any CPU.Build.0 = Release|Any CPU
		{1EBE7CFB-E8DA-4979-B839-0F3A2EE741C2}.Release|x64.ActiveCfg = Release|Any CPU
		{1EBE7CFB-E8DA-4979-B839-0F3A2EE741C2}.Release|x64.Build.0 = Release|Any CPU
		{1EBE7CFB-E8DA-4979-B839-0F3A2EE741C2}.Release|x86.ActiveCfg = Release|Any CPU
		{1EBE7CFB-E8DA-4979-B839-0F3A2EE741C2}.Release|x86.Build.0 = Release|Any CPU
		{24867ED0-217A-409E-B17D-DF034F05948E}.Debug|Any CPU.ActiveCfg = Debug|Any CPU
		{24867ED0-217A-409E-B17D-DF034F05948E}.Debug|Any CPU.Build.0 = Debug|Any CPU
		{24867ED0-217A-409E-B17D-DF034F05948E}.Debug|x64.ActiveCfg = Debug|Any CPU
		{24867ED0-217A-409E-B17D-DF034F05948E}.Debug|x64.Build.0 = Debug|Any CPU
		{24867ED0-217A-409E-B17D-DF034F05948E}.Debug|x86.ActiveCfg = Debug|Any CPU
		{24867ED0-217A-409E-B17D-DF034F05948E}.Debug|x86.Build.0 = Debug|Any CPU
		{24867ED0-217A-409E-B17D-DF034F05948E}.Release|Any CPU.ActiveCfg = Release|Any CPU
		{24867ED0-217A-409E-B17D-DF034F05948E}.Release|Any CPU.Build.0 = Release|Any CPU
		{24867ED0-217A-409E-B17D-DF034F05948E}.Release|x64.ActiveCfg = Release|Any CPU
		{24867ED0-217A-409E-B17D-DF034F05948E}.Release|x64.Build.0 = Release|Any CPU
		{24867ED0-217A-409E-B17D-DF034F05948E}.Release|x86.ActiveCfg = Release|Any CPU
		{24867ED0-217A-409E-B17D-DF034F05948E}.Release|x86.Build.0 = Release|Any CPU
	EndGlobalSection
	GlobalSection(SolutionProperties) = preSolution
		HideSolutionNode = FALSE
	EndGlobalSection
EndGlobal
